
Microsoft Visual Studio Solution File, Format Version 12.00
# Visual Studio 15
VisualStudioVersion = 15.0.27705.2000
MinimumVisualStudioVersion = 10.0.40219.1
Project("{FAE04EC0-301F-11D3-BF4B-00C04F79EFBC}") = "WeatherApp.UWP", "WeatherApp\WeatherApp.UWP\WeatherApp.UWP.csproj", "{DC77B8E4-97D1-4DF8-8A74-C11D6DB2B2A0}"
EndProject
Project("{9A19103F-16F7-4668-BE54-9A1E7A4F7556}") = "WeatherApp", "WeatherApp\WeatherApp\WeatherApp.csproj", "{9DBEFD32-F98D-4AAE-B94D-D936094EE71B}"
EndProject
Project("{2150E333-8FDC-42A3-9474-1A3956D46DE8}") = "Tests", "Tests", "{C902C9D1-C474-4BDA-86E7-1871B6567C93}"
EndProject
Project("{FAE04EC0-301F-11D3-BF4B-00C04F79EFBC}") = "UnitTestProject", "UnitTestProject\UnitTestProject.csproj", "{544B31A4-7B00-4E12-8CA8-B05D8BD0D3EB}"
EndProject
Project("{FAE04EC0-301F-11D3-BF4B-00C04F79EFBC}") = "CodedUITests", "CodedUITests\CodedUITests.csproj", "{4820C872-7009-4DB3-9BA9-4D37BF771F73}"
EndProject
Project("{FAE04EC0-301F-11D3-BF4B-00C04F79EFBC}") = "UnitTests", "UnitTests\UnitTests.csproj", "{BCFDEED6-3324-4FFB-8C81-218202C4E6D7}"
EndProject
Global
	GlobalSection(SolutionConfigurationPlatforms) = preSolution
		Debug|Any CPU = Debug|Any CPU
		Debug|ARM = Debug|ARM
		Debug|x64 = Debug|x64
		Debug|x86 = Debug|x86
		Release|Any CPU = Release|Any CPU
		Release|ARM = Release|ARM
		Release|x64 = Release|x64
		Release|x86 = Release|x86
	EndGlobalSection
	GlobalSection(ProjectConfigurationPlatforms) = postSolution
		{DC77B8E4-97D1-4DF8-8A74-C11D6DB2B2A0}.Debug|Any CPU.ActiveCfg = Debug|x86
		{DC77B8E4-97D1-4DF8-8A74-C11D6DB2B2A0}.Debug|Any CPU.Build.0 = Debug|x86
		{DC77B8E4-97D1-4DF8-8A74-C11D6DB2B2A0}.Debug|Any CPU.Deploy.0 = Debug|x86
		{DC77B8E4-97D1-4DF8-8A74-C11D6DB2B2A0}.Debug|ARM.ActiveCfg = Debug|ARM
		{DC77B8E4-97D1-4DF8-8A74-C11D6DB2B2A0}.Debug|ARM.Build.0 = Debug|ARM
		{DC77B8E4-97D1-4DF8-8A74-C11D6DB2B2A0}.Debug|ARM.Deploy.0 = Debug|ARM
		{DC77B8E4-97D1-4DF8-8A74-C11D6DB2B2A0}.Debug|x64.ActiveCfg = Debug|x64
		{DC77B8E4-97D1-4DF8-8A74-C11D6DB2B2A0}.Debug|x64.Build.0 = Debug|x64
		{DC77B8E4-97D1-4DF8-8A74-C11D6DB2B2A0}.Debug|x64.Deploy.0 = Debug|x64
		{DC77B8E4-97D1-4DF8-8A74-C11D6DB2B2A0}.Debug|x86.ActiveCfg = Debug|x86
		{DC77B8E4-97D1-4DF8-8A74-C11D6DB2B2A0}.Debug|x86.Build.0 = Debug|x86
		{DC77B8E4-97D1-4DF8-8A74-C11D6DB2B2A0}.Debug|x86.Deploy.0 = Debug|x86
		{DC77B8E4-97D1-4DF8-8A74-C11D6DB2B2A0}.Release|Any CPU.ActiveCfg = Release|x86
		{DC77B8E4-97D1-4DF8-8A74-C11D6DB2B2A0}.Release|Any CPU.Build.0 = Release|x86
		{DC77B8E4-97D1-4DF8-8A74-C11D6DB2B2A0}.Release|Any CPU.Deploy.0 = Release|x86
		{DC77B8E4-97D1-4DF8-8A74-C11D6DB2B2A0}.Release|ARM.ActiveCfg = Release|ARM
		{DC77B8E4-97D1-4DF8-8A74-C11D6DB2B2A0}.Release|ARM.Build.0 = Release|ARM
		{DC77B8E4-97D1-4DF8-8A74-C11D6DB2B2A0}.Release|ARM.Deploy.0 = Release|ARM
		{DC77B8E4-97D1-4DF8-8A74-C11D6DB2B2A0}.Release|x64.ActiveCfg = Release|x64
		{DC77B8E4-97D1-4DF8-8A74-C11D6DB2B2A0}.Release|x64.Build.0 = Release|x64
		{DC77B8E4-97D1-4DF8-8A74-C11D6DB2B2A0}.Release|x64.Deploy.0 = Release|x64
		{DC77B8E4-97D1-4DF8-8A74-C11D6DB2B2A0}.Release|x86.ActiveCfg = Release|x86
		{DC77B8E4-97D1-4DF8-8A74-C11D6DB2B2A0}.Release|x86.Build.0 = Release|x86
		{DC77B8E4-97D1-4DF8-8A74-C11D6DB2B2A0}.Release|x86.Deploy.0 = Release|x86
		{9DBEFD32-F98D-4AAE-B94D-D936094EE71B}.Debug|Any CPU.ActiveCfg = Debug|Any CPU
		{9DBEFD32-F98D-4AAE-B94D-D936094EE71B}.Debug|Any CPU.Build.0 = Debug|Any CPU
		{9DBEFD32-F98D-4AAE-B94D-D936094EE71B}.Debug|Any CPU.Deploy.0 = Debug|Any CPU
		{9DBEFD32-F98D-4AAE-B94D-D936094EE71B}.Debug|ARM.ActiveCfg = Debug|Any CPU
		{9DBEFD32-F98D-4AAE-B94D-D936094EE71B}.Debug|ARM.Build.0 = Debug|Any CPU
		{9DBEFD32-F98D-4AAE-B94D-D936094EE71B}.Debug|ARM.Deploy.0 = Debug|Any CPU
		{9DBEFD32-F98D-4AAE-B94D-D936094EE71B}.Debug|x64.ActiveCfg = Debug|Any CPU
		{9DBEFD32-F98D-4AAE-B94D-D936094EE71B}.Debug|x64.Build.0 = Debug|Any CPU
		{9DBEFD32-F98D-4AAE-B94D-D936094EE71B}.Debug|x64.Deploy.0 = Debug|Any CPU
		{9DBEFD32-F98D-4AAE-B94D-D936094EE71B}.Debug|x86.ActiveCfg = Debug|Any CPU
		{9DBEFD32-F98D-4AAE-B94D-D936094EE71B}.Debug|x86.Build.0 = Debug|Any CPU
		{9DBEFD32-F98D-4AAE-B94D-D936094EE71B}.Debug|x86.Deploy.0 = Debug|Any CPU
		{9DBEFD32-F98D-4AAE-B94D-D936094EE71B}.Release|Any CPU.ActiveCfg = Release|Any CPU
		{9DBEFD32-F98D-4AAE-B94D-D936094EE71B}.Release|Any CPU.Build.0 = Release|Any CPU
		{9DBEFD32-F98D-4AAE-B94D-D936094EE71B}.Release|Any CPU.Deploy.0 = Release|Any CPU
		{9DBEFD32-F98D-4AAE-B94D-D936094EE71B}.Release|ARM.ActiveCfg = Release|Any CPU
		{9DBEFD32-F98D-4AAE-B94D-D936094EE71B}.Release|ARM.Build.0 = Release|Any CPU
		{9DBEFD32-F98D-4AAE-B94D-D936094EE71B}.Release|ARM.Deploy.0 = Release|Any CPU
		{9DBEFD32-F98D-4AAE-B94D-D936094EE71B}.Release|x64.ActiveCfg = Release|Any CPU
		{9DBEFD32-F98D-4AAE-B94D-D936094EE71B}.Release|x64.Build.0 = Release|Any CPU
		{9DBEFD32-F98D-4AAE-B94D-D936094EE71B}.Release|x64.Deploy.0 = Release|Any CPU
		{9DBEFD32-F98D-4AAE-B94D-D936094EE71B}.Release|x86.ActiveCfg = Release|Any CPU
		{9DBEFD32-F98D-4AAE-B94D-D936094EE71B}.Release|x86.Build.0 = Release|Any CPU
		{9DBEFD32-F98D-4AAE-B94D-D936094EE71B}.Release|x86.Deploy.0 = Release|Any CPU
		{544B31A4-7B00-4E12-8CA8-B05D8BD0D3EB}.Debug|Any CPU.ActiveCfg = Debug|x86
		{544B31A4-7B00-4E12-8CA8-B05D8BD0D3EB}.Debug|ARM.ActiveCfg = Debug|ARM
		{544B31A4-7B00-4E12-8CA8-B05D8BD0D3EB}.Debug|ARM.Build.0 = Debug|ARM
		{544B31A4-7B00-4E12-8CA8-B05D8BD0D3EB}.Debug|ARM.Deploy.0 = Debug|ARM
		{544B31A4-7B00-4E12-8CA8-B05D8BD0D3EB}.Debug|x64.ActiveCfg = Debug|x64
		{544B31A4-7B00-4E12-8CA8-B05D8BD0D3EB}.Debug|x64.Build.0 = Debug|x64
		{544B31A4-7B00-4E12-8CA8-B05D8BD0D3EB}.Debug|x64.Deploy.0 = Debug|x64
		{544B31A4-7B00-4E12-8CA8-B05D8BD0D3EB}.Debug|x86.ActiveCfg = Debug|x86
		{544B31A4-7B00-4E12-8CA8-B05D8BD0D3EB}.Debug|x86.Build.0 = Debug|x86
		{544B31A4-7B00-4E12-8CA8-B05D8BD0D3EB}.Debug|x86.Deploy.0 = Debug|x86
		{544B31A4-7B00-4E12-8CA8-B05D8BD0D3EB}.Release|Any CPU.ActiveCfg = Release|x86
		{544B31A4-7B00-4E12-8CA8-B05D8BD0D3EB}.Release|ARM.ActiveCfg = Release|ARM
		{544B31A4-7B00-4E12-8CA8-B05D8BD0D3EB}.Release|ARM.Build.0 = Release|ARM
		{544B31A4-7B00-4E12-8CA8-B05D8BD0D3EB}.Release|ARM.Deploy.0 = Release|ARM
		{544B31A4-7B00-4E12-8CA8-B05D8BD0D3EB}.Release|x64.ActiveCfg = Release|x64
		{544B31A4-7B00-4E12-8CA8-B05D8BD0D3EB}.Release|x64.Build.0 = Release|x64
		{544B31A4-7B00-4E12-8CA8-B05D8BD0D3EB}.Release|x64.Deploy.0 = Release|x64
		{544B31A4-7B00-4E12-8CA8-B05D8BD0D3EB}.Release|x86.ActiveCfg = Release|x86
		{544B31A4-7B00-4E12-8CA8-B05D8BD0D3EB}.Release|x86.Build.0 = Release|x86
		{544B31A4-7B00-4E12-8CA8-B05D8BD0D3EB}.Release|x86.Deploy.0 = Release|x86
		{4820C872-7009-4DB3-9BA9-4D37BF771F73}.Debug|Any CPU.ActiveCfg = Debug|Any CPU
		{4820C872-7009-4DB3-9BA9-4D37BF771F73}.Debug|Any CPU.Build.0 = Debug|Any CPU
		{4820C872-7009-4DB3-9BA9-4D37BF771F73}.Debug|ARM.ActiveCfg = Debug|Any CPU
		{4820C872-7009-4DB3-9BA9-4D37BF771F73}.Debug|ARM.Build.0 = Debug|Any CPU
		{4820C872-7009-4DB3-9BA9-4D37BF771F73}.Debug|x64.ActiveCfg = Debug|Any CPU
		{4820C872-7009-4DB3-9BA9-4D37BF771F73}.Debug|x64.Build.0 = Debug|Any CPU
		{4820C872-7009-4DB3-9BA9-4D37BF771F73}.Debug|x86.ActiveCfg = Debug|Any CPU
		{4820C872-7009-4DB3-9BA9-4D37BF771F73}.Debug|x86.Build.0 = Debug|Any CPU
		{4820C872-7009-4DB3-9BA9-4D37BF771F73}.Release|Any CPU.ActiveCfg = Release|Any CPU
		{4820C872-7009-4DB3-9BA9-4D37BF771F73}.Release|Any CPU.Build.0 = Release|Any CPU
		{4820C872-7009-4DB3-9BA9-4D37BF771F73}.Release|ARM.ActiveCfg = Release|Any CPU
		{4820C872-7009-4DB3-9BA9-4D37BF771F73}.Release|ARM.Build.0 = Release|Any CPU
		{4820C872-7009-4DB3-9BA9-4D37BF771F73}.Release|x64.ActiveCfg = Release|Any CPU
		{4820C872-7009-4DB3-9BA9-4D37BF771F73}.Release|x64.Build.0 = Release|Any CPU
		{4820C872-7009-4DB3-9BA9-4D37BF771F73}.Release|x86.ActiveCfg = Release|Any CPU
		{4820C872-7009-4DB3-9BA9-4D37BF771F73}.Release|x86.Build.0 = Release|Any CPU
		{BCFDEED6-3324-4FFB-8C81-218202C4E6D7}.Debug|Any CPU.ActiveCfg = Debug|Any CPU
		{BCFDEED6-3324-4FFB-8C81-218202C4E6D7}.Debug|Any CPU.Build.0 = Debug|Any CPU
		{BCFDEED6-3324-4FFB-8C81-218202C4E6D7}.Debug|ARM.ActiveCfg = Debug|Any CPU
		{BCFDEED6-3324-4FFB-8C81-218202C4E6D7}.Debug|ARM.Build.0 = Debug|Any CPU
		{BCFDEED6-3324-4FFB-8C81-218202C4E6D7}.Debug|x64.ActiveCfg = Debug|Any CPU
		{BCFDEED6-3324-4FFB-8C81-218202C4E6D7}.Debug|x64.Build.0 = Debug|Any CPU
		{BCFDEED6-3324-4FFB-8C81-218202C4E6D7}.Debug|x86.ActiveCfg = Debug|Any CPU
		{BCFDEED6-3324-4FFB-8C81-218202C4E6D7}.Debug|x86.Build.0 = Debug|Any CPU
		{BCFDEED6-3324-4FFB-8C81-218202C4E6D7}.Release|Any CPU.ActiveCfg = Release|Any CPU
		{BCFDEED6-3324-4FFB-8C81-218202C4E6D7}.Release|Any CPU.Build.0 = Release|Any CPU
		{BCFDEED6-3324-4FFB-8C81-218202C4E6D7}.Release|ARM.ActiveCfg = Release|Any CPU
		{BCFDEED6-3324-4FFB-8C81-218202C4E6D7}.Release|ARM.Build.0 = Release|Any CPU
		{BCFDEED6-3324-4FFB-8C81-218202C4E6D7}.Release|x64.ActiveCfg = Release|Any CPU
		{BCFDEED6-3324-4FFB-8C81-218202C4E6D7}.Release|x64.Build.0 = Release|Any CPU
		{BCFDEED6-3324-4FFB-8C81-218202C4E6D7}.Release|x86.ActiveCfg = Release|Any CPU
		{BCFDEED6-3324-4FFB-8C81-218202C4E6D7}.Release|x86.Build.0 = Release|Any CPU
	EndGlobalSection
	GlobalSection(SolutionProperties) = preSolution
		HideSolutionNode = FALSE
	EndGlobalSection
	GlobalSection(NestedProjects) = preSolution
		{544B31A4-7B00-4E12-8CA8-B05D8BD0D3EB} = {C902C9D1-C474-4BDA-86E7-1871B6567C93}
		{4820C872-7009-4DB3-9BA9-4D37BF771F73} = {C902C9D1-C474-4BDA-86E7-1871B6567C93}
		{BCFDEED6-3324-4FFB-8C81-218202C4E6D7} = {C902C9D1-C474-4BDA-86E7-1871B6567C93}
	EndGlobalSection
	GlobalSection(ExtensibilityGlobals) = postSolution
		SolutionGuid = {35E78DD7-FC04-43AE-8867-DE3B86B10DCD}
	EndGlobalSection
EndGlobal
